
Microsoft Visual Studio Solution File, Format Version 12.00
# Visual Studio Version 17
VisualStudioVersion = 17.9.34622.214
MinimumVisualStudioVersion = 10.0.40219.1
Project("{FAE04EC0-301F-11D3-BF4B-00C04F79EFBC}") = "QLBanHang.DAL", "QLBanHang.DAL\QLBanHang.DAL.csproj", "{7ACEA865-0C35-42EE-B213-A463AEAB31B0}"
EndProject
Project("{FAE04EC0-301F-11D3-BF4B-00C04F79EFBC}") = "QLBanHang.BUS", "QLBanHang.BUS\QLBanHang.BUS.csproj", "{6511F3D8-765B-4E82-B93E-F4879F171CF9}"
EndProject
Project("{FAE04EC0-301F-11D3-BF4B-00C04F79EFBC}") = "QLBanHang.GUI", "QLBanHang.GUI\QLBanHang.GUI.csproj", "{2C68D122-C461-4F65-9225-AF5B65066C33}"
EndProject
Project("{FAE04EC0-301F-11D3-BF4B-00C04F79EFBC}") = "QLBanHang.DTO", "QLBanHang.DTO\QLBanHang.DTO.csproj", "{638F5E1D-A1C6-4B86-8042-073DBA1374CC}"
EndProject
Global
	GlobalSection(SolutionConfigurationPlatforms) = preSolution
		Debug|Any CPU = Debug|Any CPU
		Release|Any CPU = Release|Any CPU
	EndGlobalSection
	GlobalSection(ProjectConfigurationPlatforms) = postSolution
		{7ACEA865-0C35-42EE-B213-A463AEAB31B0}.Debug|Any CPU.ActiveCfg = Debug|Any CPU
		{7ACEA865-0C35-42EE-B213-A463AEAB31B0}.Debug|Any CPU.Build.0 = Debug|Any CPU
		{7ACEA865-0C35-42EE-B213-A463AEAB31B0}.Release|Any CPU.ActiveCfg = Release|Any CPU
		{7ACEA865-0C35-42EE-B213-A463AEAB31B0}.Release|Any CPU.Build.0 = Release|Any CPU
		{6511F3D8-765B-4E82-B93E-F4879F171CF9}.Debug|Any CPU.ActiveCfg = Debug|Any CPU
		{6511F3D8-765B-4E82-B93E-F4879F171CF9}.Debug|Any CPU.Build.0 = Debug|Any CPU
		{6511F3D8-765B-4E82-B93E-F4879F171CF9}.Release|Any CPU.ActiveCfg = Release|Any CPU
		{6511F3D8-765B-4E82-B93E-F4879F171CF9}.Release|Any CPU.Build.0 = Release|Any CPU
		{2C68D122-C461-4F65-9225-AF5B65066C33}.Debug|Any CPU.ActiveCfg = Debug|Any CPU
		{2C68D122-C461-4F65-9225-AF5B65066C33}.Debug|Any CPU.Build.0 = Debug|Any CPU
		{2C68D122-C461-4F65-9225-AF5B65066C33}.Release|Any CPU.ActiveCfg = Release|Any CPU
		{2C68D122-C461-4F65-9225-AF5B65066C33}.Release|Any CPU.Build.0 = Release|Any CPU
		{638F5E1D-A1C6-4B86-8042-073DBA1374CC}.Debug|Any CPU.ActiveCfg = Debug|Any CPU
		{638F5E1D-A1C6-4B86-8042-073DBA1374CC}.Debug|Any CPU.Build.0 = Debug|Any CPU
		{638F5E1D-A1C6-4B86-8042-073DBA1374CC}.Release|Any CPU.ActiveCfg = Release|Any CPU
		{638F5E1D-A1C6-4B86-8042-073DBA1374CC}.Release|Any CPU.Build.0 = Release|Any CPU
	EndGlobalSection
	GlobalSection(SolutionProperties) = preSolution
		HideSolutionNode = FALSE
	EndGlobalSection
	GlobalSection(ExtensibilityGlobals) = postSolution
		SolutionGuid = {E83DCD2C-C67C-4B3F-9447-7DF3549F8B17}
	EndGlobalSection
EndGlobal
